Microsoft Visual Studio Solution File, Format Version 12.00
# Visual Studio Version 17
VisualStudioVersion = 17.5.2.0
MinimumVisualStudioVersion = 10.0.40219.1
Project("{FAE04EC0-301F-11D3-BF4B-00C04F79EFBC}") = "AvaloniaMedia", "AvaloniaMedia.csproj", "{57AAA5D7-66D0-95FD-3414-BBECC39C50EC}"
EndProject
Global
	GlobalSection(SolutionConfigurationPlatforms) = preSolution
		Debug|Any CPU = Debug|Any CPU
		Release|Any CPU = Release|Any CPU
	EndGlobalSection
	GlobalSection(ProjectConfigurationPlatforms) = postSolution
		{57AAA5D7-66D0-95FD-3414-BBECC39C50EC}.Debug|Any CPU.ActiveCfg = Debug|Any CPU
		{57AAA5D7-66D0-95FD-3414-BBECC39C50EC}.Debug|Any CPU.Build.0 = Debug|Any CPU
		{57AAA5D7-66D0-95FD-3414-BBECC39C50EC}.Release|Any CPU.ActiveCfg = Release|Any CPU
		{57AAA5D7-66D0-95FD-3414-BBECC39C50EC}.Release|Any CPU.Build.0 = Release|Any CPU
	EndGlobalSection
	GlobalSection(SolutionProperties) = preSolution
		HideSolutionNode = FALSE
	EndGlobalSection
	GlobalSection(ExtensibilityGlobals) = postSolution
		SolutionGuid = {38EBAC61-1549-424D-BEC4-BF41A313F955}
	EndGlobalSection
EndGlobal
